
Microsoft Visual Studio Solution File, Format Version 12.00
# Visual Studio 14
VisualStudioVersion = 14.0.23107.0
MinimumVisualStudioVersion = 10.0.40219.1
Project("{FAE04EC0-301F-11D3-BF4B-00C04F79EFBC}") = "StudentApp", "StudentApp\StudentApp.csproj", "{BBA5228D-5665-45CC-BBC1-663044E3DC19}"
EndProject
Global
	GlobalSection(SolutionConfigurationPlatforms) = preSolution
		Debug|Any CPU = Debug|Any CPU
		Release|Any CPU = Release|Any CPU
	EndGlobalSection
	GlobalSection(ProjectConfigurationPlatforms) = postSolution
		{BBA5228D-5665-45CC-BBC1-663044E3DC19}.Debug|Any CPU.ActiveCfg = Debug|Any CPU
		{BBA5228D-5665-45CC-BBC1-663044E3DC19}.Debug|Any CPU.Build.0 = Debug|Any CPU
		{BBA5228D-5665-45CC-BBC1-663044E3DC19}.Release|Any CPU.ActiveCfg = Release|Any CPU
		{BBA5228D-5665-45CC-BBC1-663044E3DC19}.Release|Any CPU.Build.0 = Release|Any CPU
	EndGlobalSection
	GlobalSection(SolutionProperties) = preSolution
		HideSolutionNode = FALSE
	EndGlobalSection
EndGlobal
